
Microsoft Visual Studio Solution File, Format Version 12.00
# Visual Studio 15
VisualStudioVersion = 15.0.27703.2026
MinimumVisualStudioVersion = 10.0.40219.1
Project("{FAE04EC0-301F-11D3-BF4B-00C04F79EFBC}") = "Cloud_API", "Cloud_API\Cloud_API.csproj", "{99EE28DB-2E20-424C-B30B-6D8CA02B7DFE}"
EndProject
Global
	GlobalSection(SolutionConfigurationPlatforms) = preSolution
		Debug|Any CPU = Debug|Any CPU
		Release|Any CPU = Release|Any CPU
	EndGlobalSection
	GlobalSection(ProjectConfigurationPlatforms) = postSolution
		{99EE28DB-2E20-424C-B30B-6D8CA02B7DFE}.Debug|Any CPU.ActiveCfg = Debug|Any CPU
		{99EE28DB-2E20-424C-B30B-6D8CA02B7DFE}.Debug|Any CPU.Build.0 = Debug|Any CPU
		{99EE28DB-2E20-424C-B30B-6D8CA02B7DFE}.Release|Any CPU.ActiveCfg = Release|Any CPU
		{99EE28DB-2E20-424C-B30B-6D8CA02B7DFE}.Release|Any CPU.Build.0 = Release|Any CPU
	EndGlobalSection
	GlobalSection(SolutionProperties) = preSolution
		HideSolutionNode = FALSE
	EndGlobalSection
	GlobalSection(ExtensibilityGlobals) = postSolution
		SolutionGuid = {726E90E1-0A3F-4DBF-A4EF-3B1C5004A49B}
	EndGlobalSection
EndGlobal
